
Microsoft Visual Studio Solution File, Format Version 12.00
# Visual Studio Version 16
VisualStudioVersion = 16.0.30523.141
MinimumVisualStudioVersion = 10.0.40219.1
Project("{FAE04EC0-301F-11D3-BF4B-00C04F79EFBC}") = "Academika", "Academika.csproj", "{A8494838-95C0-4E97-A271-18B937002FE2}"
EndProject
Global
	GlobalSection(SolutionConfigurationPlatforms) = preSolution
		Debug|Any CPU = Debug|Any CPU
		Release|Any CPU = Release|Any CPU
	EndGlobalSection
	GlobalSection(ProjectConfigurationPlatforms) = postSolution
		{A8494838-95C0-4E97-A271-18B937002FE2}.Debug|Any CPU.ActiveCfg = Debug|Any CPU
		{A8494838-95C0-4E97-A271-18B937002FE2}.Debug|Any CPU.Build.0 = Debug|Any CPU
		{A8494838-95C0-4E97-A271-18B937002FE2}.Release|Any CPU.ActiveCfg = Release|Any CPU
		{A8494838-95C0-4E97-A271-18B937002FE2}.Release|Any CPU.Build.0 = Release|Any CPU
	EndGlobalSection
	GlobalSection(SolutionProperties) = preSolution
		HideSolutionNode = FALSE
	EndGlobalSection
	GlobalSection(ExtensibilityGlobals) = postSolution
		SolutionGuid = {BBD6F822-8A16-4EC0-8892-630655FD9912}
	EndGlobalSection
EndGlobal
