
Microsoft Visual Studio Solution File, Format Version 12.00
# Visual Studio Version 16
VisualStudioVersion = 16.0.30523.141
MinimumVisualStudioVersion = 10.0.40219.1
Project("{FAE04EC0-301F-11D3-BF4B-00C04F79EFBC}") = "AcademikaFrontend", "AcademikaFrontend.csproj", "{A8494838-95C0-4E97-A271-18B937002FE2}"
EndProject
Project("{FAE04EC0-301F-11D3-BF4B-00C04F79EFBC}") = "AcademikaBackend", "..\AcademikaBackend\AcademikaBackend.csproj", "{800EAD14-D18F-4BF8-A8CC-EB84FEE8C914}"
EndProject
Project("{FAE04EC0-301F-11D3-BF4B-00C04F79EFBC}") = "AcademikaWebAPI", "..\AcademikaWebAPI\AcademikaWebAPI.csproj", "{D468F786-27B6-45EA-A0D6-6A590FB53049}"
EndProject
Global
	GlobalSection(SolutionConfigurationPlatforms) = preSolution
		Debug|Any CPU = Debug|Any CPU
		Release|Any CPU = Release|Any CPU
	EndGlobalSection
	GlobalSection(ProjectConfigurationPlatforms) = postSolution
		{A8494838-95C0-4E97-A271-18B937002FE2}.Debug|Any CPU.ActiveCfg = Debug|Any CPU
		{A8494838-95C0-4E97-A271-18B937002FE2}.Debug|Any CPU.Build.0 = Debug|Any CPU
		{A8494838-95C0-4E97-A271-18B937002FE2}.Release|Any CPU.ActiveCfg = Release|Any CPU
		{A8494838-95C0-4E97-A271-18B937002FE2}.Release|Any CPU.Build.0 = Release|Any CPU
		{800EAD14-D18F-4BF8-A8CC-EB84FEE8C914}.Debug|Any CPU.ActiveCfg = Debug|Any CPU
		{800EAD14-D18F-4BF8-A8CC-EB84FEE8C914}.Debug|Any CPU.Build.0 = Debug|Any CPU
		{800EAD14-D18F-4BF8-A8CC-EB84FEE8C914}.Release|Any CPU.ActiveCfg = Release|Any CPU
		{800EAD14-D18F-4BF8-A8CC-EB84FEE8C914}.Release|Any CPU.Build.0 = Release|Any CPU
		{D468F786-27B6-45EA-A0D6-6A590FB53049}.Debug|Any CPU.ActiveCfg = Debug|Any CPU
		{D468F786-27B6-45EA-A0D6-6A590FB53049}.Debug|Any CPU.Build.0 = Debug|Any CPU
		{D468F786-27B6-45EA-A0D6-6A590FB53049}.Release|Any CPU.ActiveCfg = Release|Any CPU
		{D468F786-27B6-45EA-A0D6-6A590FB53049}.Release|Any CPU.Build.0 = Release|Any CPU
	EndGlobalSection
	GlobalSection(SolutionProperties) = preSolution
		HideSolutionNode = FALSE
	EndGlobalSection
	GlobalSection(ExtensibilityGlobals) = postSolution
		SolutionGuid = {BBD6F822-8A16-4EC0-8892-630655FD9912}
	EndGlobalSection
EndGlobal
